
Microsoft Visual Studio Solution File, Format Version 12.00
# Visual Studio Version 17
VisualStudioVersion = 17.0.31903.59
MinimumVisualStudioVersion = 10.0.40219.1
Project("{2150E333-8FDC-42A3-9474-1A3956D46DE8}") = "modules", "modules", "{CA253913-39DE-BFD0-C9A3-4B7EC6FBDF17}"
EndProject
Project("{2150E333-8FDC-42A3-9474-1A3956D46DE8}") = "auth", "auth", "{CEAC0979-DAB2-0E19-81EF-22AE32770578}"
EndProject
Project("{FAE04EC0-301F-11D3-BF4B-00C04F79EFBC}") = "ERP.Modules.Auth", "modules\auth\ERP.Modules.Auth.csproj", "{2E3CFFD2-46CE-447B-BAA2-135CEE819581}"
EndProject
Project("{2150E333-8FDC-42A3-9474-1A3956D46DE8}") = "company", "company", "{BBAC9334-4ED6-6203-FF13-13F84E70C2CB}"
EndProject
Project("{FAE04EC0-301F-11D3-BF4B-00C04F79EFBC}") = "ERP.Modules.Company", "modules\company\ERP.Modules.Company.csproj", "{49C23FD1-3CAA-4E6C-9B2C-AB1AE78943DF}"
EndProject
Project("{2150E333-8FDC-42A3-9474-1A3956D46DE8}") = "finance", "finance", "{0FD22AAC-ECEF-4C47-EEB9-72E8245E02C2}"
EndProject
Project("{FAE04EC0-301F-11D3-BF4B-00C04F79EFBC}") = "ERP.Modules.Finance", "modules\finance\ERP.Modules.Finance.csproj", "{6D44EBF3-FC85-4834-8E0B-56D260329122}"
EndProject
Project("{2150E333-8FDC-42A3-9474-1A3956D46DE8}") = "inventory", "inventory", "{A68BCFB6-B88D-4352-653D-5429B95F8475}"
EndProject
Project("{FAE04EC0-301F-11D3-BF4B-00C04F79EFBC}") = "ERP.Modules.Inventory", "modules\inventory\ERP.Modules.Inventory.csproj", "{668AE3E0-779E-4BEF-9909-9D98CB5F561F}"
EndProject
Project("{2150E333-8FDC-42A3-9474-1A3956D46DE8}") = "reporting", "reporting", "{45CD067C-33C4-C372-B034-427CD4E5B7A1}"
EndProject
Project("{FAE04EC0-301F-11D3-BF4B-00C04F79EFBC}") = "ERP.Modules.Reporting", "modules\reporting\ERP.Modules.Reporting.csproj", "{5ABBCBB0-E86F-4EB1-B706-F0D72EC876CF}"
EndProject
Project("{2150E333-8FDC-42A3-9474-1A3956D46DE8}") = "infrastructure", "infrastructure", "{DFEE68D8-A7D0-1A41-506C-9B74AA9A7B7B}"
EndProject
Project("{2150E333-8FDC-42A3-9474-1A3956D46DE8}") = "db", "db", "{19537B6D-2291-08F1-89AD-B2FDDDAC10DD}"
EndProject
Project("{FAE04EC0-301F-11D3-BF4B-00C04F79EFBC}") = "ERP.Infrastructure.DB", "infrastructure\db\ERP.Infrastructure.DB.csproj", "{2F3C29BE-159F-4856-9796-047C942AC967}"
EndProject
Project("{2150E333-8FDC-42A3-9474-1A3956D46DE8}") = "caching", "caching", "{857E86B9-7A7E-7A58-E331-BDC9E30EF9B9}"
EndProject
Project("{FAE04EC0-301F-11D3-BF4B-00C04F79EFBC}") = "ERP.Infrastructure.Caching", "infrastructure\caching\ERP.Infrastructure.Caching.csproj", "{9CA9848F-7049-45A7-A22F-3E41EF5168B4}"
EndProject
Project("{2150E333-8FDC-42A3-9474-1A3956D46DE8}") = "event-bus", "event-bus", "{C737CF5B-8C24-003F-7D1A-10A438A8BB71}"
EndProject
Project("{FAE04EC0-301F-11D3-BF4B-00C04F79EFBC}") = "ERP.Infrastructure.EventBus", "infrastructure\event-bus\ERP.Infrastructure.EventBus.csproj", "{C0158A03-BD6D-45FB-B9F8-8C96D679A238}"
EndProject
Project("{2150E333-8FDC-42A3-9474-1A3956D46DE8}") = "master-data", "master-data", "{6C9918C0-BB9B-7B57-FEF1-1899C1733D11}"
EndProject
Project("{FAE04EC0-301F-11D3-BF4B-00C04F79EFBC}") = "ERP.Modules.MasterData", "modules\master-data\ERP.Modules.MasterData.csproj", "{4062D309-ABB9-4AD0-A382-9BB9137C603F}"
EndProject
Project("{2150E333-8FDC-42A3-9474-1A3956D46DE8}") = "api", "api", "{D82C56D6-B2CD-F611-9E31-04638F7EC30E}"
EndProject
Project("{2150E333-8FDC-42A3-9474-1A3956D46DE8}") = "rest", "rest", "{79D924B9-605B-AC8F-7C33-F72C700DED57}"
EndProject
Project("{FAE04EC0-301F-11D3-BF4B-00C04F79EFBC}") = "ERP.Interfaces.REST", "api\rest\ERP.Interfaces.REST.csproj", "{68088F20-1E23-4B9E-B4E9-0A9D252D415D}"
EndProject
Project("{2150E333-8FDC-42A3-9474-1A3956D46DE8}") = "graphql", "graphql", "{03A03C0F-776B-9EDB-FF6C-9299FC3B3240}"
EndProject
Project("{FAE04EC0-301F-11D3-BF4B-00C04F79EFBC}") = "ERP.Interfaces.GraphQL", "api\graphql\ERP.Interfaces.GraphQL.csproj", "{2991434B-B74B-4BD2-9506-FE9CFFFC92D8}"
EndProject
Project("{2150E333-8FDC-42A3-9474-1A3956D46DE8}") = "grpc", "grpc", "{21DCE555-1C5E-D078-C920-A971CCC82168}"
EndProject
Project("{FAE04EC0-301F-11D3-BF4B-00C04F79EFBC}") = "ERP.Interfaces.GRPC", "api\grpc\ERP.Interfaces.GRPC.csproj", "{A4EBE3CC-4161-49F6-9D1A-316955971E6E}"
EndProject
Global
	GlobalSection(SolutionConfigurationPlatforms) = preSolution
		Debug|Any CPU = Debug|Any CPU
		Debug|x64 = Debug|x64
		Debug|x86 = Debug|x86
		Release|Any CPU = Release|Any CPU
		Release|x64 = Release|x64
		Release|x86 = Release|x86
	EndGlobalSection
	GlobalSection(ProjectConfigurationPlatforms) = postSolution
		{2E3CFFD2-46CE-447B-BAA2-135CEE819581}.Debug|Any CPU.ActiveCfg = Debug|Any CPU
		{2E3CFFD2-46CE-447B-BAA2-135CEE819581}.Debug|Any CPU.Build.0 = Debug|Any CPU
		{2E3CFFD2-46CE-447B-BAA2-135CEE819581}.Debug|x64.ActiveCfg = Debug|Any CPU
		{2E3CFFD2-46CE-447B-BAA2-135CEE819581}.Debug|x64.Build.0 = Debug|Any CPU
		{2E3CFFD2-46CE-447B-BAA2-135CEE819581}.Debug|x86.ActiveCfg = Debug|Any CPU
		{2E3CFFD2-46CE-447B-BAA2-135CEE819581}.Debug|x86.Build.0 = Debug|Any CPU
		{2E3CFFD2-46CE-447B-BAA2-135CEE819581}.Release|Any CPU.ActiveCfg = Release|Any CPU
		{2E3CFFD2-46CE-447B-BAA2-135CEE819581}.Release|Any CPU.Build.0 = Release|Any CPU
		{2E3CFFD2-46CE-447B-BAA2-135CEE819581}.Release|x64.ActiveCfg = Release|Any CPU
		{2E3CFFD2-46CE-447B-BAA2-135CEE819581}.Release|x64.Build.0 = Release|Any CPU
		{2E3CFFD2-46CE-447B-BAA2-135CEE819581}.Release|x86.ActiveCfg = Release|Any CPU
		{2E3CFFD2-46CE-447B-BAA2-135CEE819581}.Release|x86.Build.0 = Release|Any CPU
		{49C23FD1-3CAA-4E6C-9B2C-AB1AE78943DF}.Debug|Any CPU.ActiveCfg = Debug|Any CPU
		{49C23FD1-3CAA-4E6C-9B2C-AB1AE78943DF}.Debug|Any CPU.Build.0 = Debug|Any CPU
		{49C23FD1-3CAA-4E6C-9B2C-AB1AE78943DF}.Debug|x64.ActiveCfg = Debug|Any CPU
		{49C23FD1-3CAA-4E6C-9B2C-AB1AE78943DF}.Debug|x64.Build.0 = Debug|Any CPU
		{49C23FD1-3CAA-4E6C-9B2C-AB1AE78943DF}.Debug|x86.ActiveCfg = Debug|Any CPU
		{49C23FD1-3CAA-4E6C-9B2C-AB1AE78943DF}.Debug|x86.Build.0 = Debug|Any CPU
		{49C23FD1-3CAA-4E6C-9B2C-AB1AE78943DF}.Release|Any CPU.ActiveCfg = Release|Any CPU
		{49C23FD1-3CAA-4E6C-9B2C-AB1AE78943DF}.Release|Any CPU.Build.0 = Release|Any CPU
		{49C23FD1-3CAA-4E6C-9B2C-AB1AE78943DF}.Release|x64.ActiveCfg = Release|Any CPU
		{49C23FD1-3CAA-4E6C-9B2C-AB1AE78943DF}.Release|x64.Build.0 = Release|Any CPU
		{49C23FD1-3CAA-4E6C-9B2C-AB1AE78943DF}.Release|x86.ActiveCfg = Release|Any CPU
		{49C23FD1-3CAA-4E6C-9B2C-AB1AE78943DF}.Release|x86.Build.0 = Release|Any CPU
		{6D44EBF3-FC85-4834-8E0B-56D260329122}.Debug|Any CPU.ActiveCfg = Debug|Any CPU
		{6D44EBF3-FC85-4834-8E0B-56D260329122}.Debug|Any CPU.Build.0 = Debug|Any CPU
		{6D44EBF3-FC85-4834-8E0B-56D260329122}.Debug|x64.ActiveCfg = Debug|Any CPU
		{6D44EBF3-FC85-4834-8E0B-56D260329122}.Debug|x64.Build.0 = Debug|Any CPU
		{6D44EBF3-FC85-4834-8E0B-56D260329122}.Debug|x86.ActiveCfg = Debug|Any CPU
		{6D44EBF3-FC85-4834-8E0B-56D260329122}.Debug|x86.Build.0 = Debug|Any CPU
		{6D44EBF3-FC85-4834-8E0B-56D260329122}.Release|Any CPU.ActiveCfg = Release|Any CPU
		{6D44EBF3-FC85-4834-8E0B-56D260329122}.Release|Any CPU.Build.0 = Release|Any CPU
		{6D44EBF3-FC85-4834-8E0B-56D260329122}.Release|x64.ActiveCfg = Release|Any CPU
		{6D44EBF3-FC85-4834-8E0B-56D260329122}.Release|x64.Build.0 = Release|Any CPU
		{6D44EBF3-FC85-4834-8E0B-56D260329122}.Release|x86.ActiveCfg = Release|Any CPU
		{6D44EBF3-FC85-4834-8E0B-56D260329122}.Release|x86.Build.0 = Release|Any CPU
		{668AE3E0-779E-4BEF-9909-9D98CB5F561F}.Debug|Any CPU.ActiveCfg = Debug|Any CPU
		{668AE3E0-779E-4BEF-9909-9D98CB5F561F}.Debug|Any CPU.Build.0 = Debug|Any CPU
		{668AE3E0-779E-4BEF-9909-9D98CB5F561F}.Debug|x64.ActiveCfg = Debug|Any CPU
		{668AE3E0-779E-4BEF-9909-9D98CB5F561F}.Debug|x64.Build.0 = Debug|Any CPU
		{668AE3E0-779E-4BEF-9909-9D98CB5F561F}.Debug|x86.ActiveCfg = Debug|Any CPU
		{668AE3E0-779E-4BEF-9909-9D98CB5F561F}.Debug|x86.Build.0 = Debug|Any CPU
		{668AE3E0-779E-4BEF-9909-9D98CB5F561F}.Release|Any CPU.ActiveCfg = Release|Any CPU
		{668AE3E0-779E-4BEF-9909-9D98CB5F561F}.Release|Any CPU.Build.0 = Release|Any CPU
		{668AE3E0-779E-4BEF-9909-9D98CB5F561F}.Release|x64.ActiveCfg = Release|Any CPU
		{668AE3E0-779E-4BEF-9909-9D98CB5F561F}.Release|x64.Build.0 = Release|Any CPU
		{668AE3E0-779E-4BEF-9909-9D98CB5F561F}.Release|x86.ActiveCfg = Release|Any CPU
		{668AE3E0-779E-4BEF-9909-9D98CB5F561F}.Release|x86.Build.0 = Release|Any CPU
		{5ABBCBB0-E86F-4EB1-B706-F0D72EC876CF}.Debug|Any CPU.ActiveCfg = Debug|Any CPU
		{5ABBCBB0-E86F-4EB1-B706-F0D72EC876CF}.Debug|Any CPU.Build.0 = Debug|Any CPU
		{5ABBCBB0-E86F-4EB1-B706-F0D72EC876CF}.Debug|x64.ActiveCfg = Debug|Any CPU
		{5ABBCBB0-E86F-4EB1-B706-F0D72EC876CF}.Debug|x64.Build.0 = Debug|Any CPU
		{5ABBCBB0-E86F-4EB1-B706-F0D72EC876CF}.Debug|x86.ActiveCfg = Debug|Any CPU
		{5ABBCBB0-E86F-4EB1-B706-F0D72EC876CF}.Debug|x86.Build.0 = Debug|Any CPU
		{5ABBCBB0-E86F-4EB1-B706-F0D72EC876CF}.Release|Any CPU.ActiveCfg = Release|Any CPU
		{5ABBCBB0-E86F-4EB1-B706-F0D72EC876CF}.Release|Any CPU.Build.0 = Release|Any CPU
		{5ABBCBB0-E86F-4EB1-B706-F0D72EC876CF}.Release|x64.ActiveCfg = Release|Any CPU
		{5ABBCBB0-E86F-4EB1-B706-F0D72EC876CF}.Release|x64.Build.0 = Release|Any CPU
		{5ABBCBB0-E86F-4EB1-B706-F0D72EC876CF}.Release|x86.ActiveCfg = Release|Any CPU
		{5ABBCBB0-E86F-4EB1-B706-F0D72EC876CF}.Release|x86.Build.0 = Release|Any CPU
		{2F3C29BE-159F-4856-9796-047C942AC967}.Debug|Any CPU.ActiveCfg = Debug|Any CPU
		{2F3C29BE-159F-4856-9796-047C942AC967}.Debug|Any CPU.Build.0 = Debug|Any CPU
		{2F3C29BE-159F-4856-9796-047C942AC967}.Debug|x64.ActiveCfg = Debug|Any CPU
		{2F3C29BE-159F-4856-9796-047C942AC967}.Debug|x64.Build.0 = Debug|Any CPU
		{2F3C29BE-159F-4856-9796-047C942AC967}.Debug|x86.ActiveCfg = Debug|Any CPU
		{2F3C29BE-159F-4856-9796-047C942AC967}.Debug|x86.Build.0 = Debug|Any CPU
		{2F3C29BE-159F-4856-9796-047C942AC967}.Release|Any CPU.ActiveCfg = Release|Any CPU
		{2F3C29BE-159F-4856-9796-047C942AC967}.Release|Any CPU.Build.0 = Release|Any CPU
		{2F3C29BE-159F-4856-9796-047C942AC967}.Release|x64.ActiveCfg = Release|Any CPU
		{2F3C29BE-159F-4856-9796-047C942AC967}.Release|x64.Build.0 = Release|Any CPU
		{2F3C29BE-159F-4856-9796-047C942AC967}.Release|x86.ActiveCfg = Release|Any CPU
		{2F3C29BE-159F-4856-9796-047C942AC967}.Release|x86.Build.0 = Release|Any CPU
		{9CA9848F-7049-45A7-A22F-3E41EF5168B4}.Debug|Any CPU.ActiveCfg = Debug|Any CPU
		{9CA9848F-7049-45A7-A22F-3E41EF5168B4}.Debug|Any CPU.Build.0 = Debug|Any CPU
		{9CA9848F-7049-45A7-A22F-3E41EF5168B4}.Debug|x64.ActiveCfg = Debug|Any CPU
		{9CA9848F-7049-45A7-A22F-3E41EF5168B4}.Debug|x64.Build.0 = Debug|Any CPU
		{9CA9848F-7049-45A7-A22F-3E41EF5168B4}.Debug|x86.ActiveCfg = Debug|Any CPU
		{9CA9848F-7049-45A7-A22F-3E41EF5168B4}.Debug|x86.Build.0 = Debug|Any CPU
		{9CA9848F-7049-45A7-A22F-3E41EF5168B4}.Release|Any CPU.ActiveCfg = Release|Any CPU
		{9CA9848F-7049-45A7-A22F-3E41EF5168B4}.Release|Any CPU.Build.0 = Release|Any CPU
		{9CA9848F-7049-45A7-A22F-3E41EF5168B4}.Release|x64.ActiveCfg = Release|Any CPU
		{9CA9848F-7049-45A7-A22F-3E41EF5168B4}.Release|x64.Build.0 = Release|Any CPU
		{9CA9848F-7049-45A7-A22F-3E41EF5168B4}.Release|x86.ActiveCfg = Release|Any CPU
		{9CA9848F-7049-45A7-A22F-3E41EF5168B4}.Release|x86.Build.0 = Release|Any CPU
		{C0158A03-BD6D-45FB-B9F8-8C96D679A238}.Debug|Any CPU.ActiveCfg = Debug|Any CPU
		{C0158A03-BD6D-45FB-B9F8-8C96D679A238}.Debug|Any CPU.Build.0 = Debug|Any CPU
		{C0158A03-BD6D-45FB-B9F8-8C96D679A238}.Debug|x64.ActiveCfg = Debug|Any CPU
		{C0158A03-BD6D-45FB-B9F8-8C96D679A238}.Debug|x64.Build.0 = Debug|Any CPU
		{C0158A03-BD6D-45FB-B9F8-8C96D679A238}.Debug|x86.ActiveCfg = Debug|Any CPU
		{C0158A03-BD6D-45FB-B9F8-8C96D679A238}.Debug|x86.Build.0 = Debug|Any CPU
		{C0158A03-BD6D-45FB-B9F8-8C96D679A238}.Release|Any CPU.ActiveCfg = Release|Any CPU
		{C0158A03-BD6D-45FB-B9F8-8C96D679A238}.Release|Any CPU.Build.0 = Release|Any CPU
		{C0158A03-BD6D-45FB-B9F8-8C96D679A238}.Release|x64.ActiveCfg = Release|Any CPU
		{C0158A03-BD6D-45FB-B9F8-8C96D679A238}.Release|x64.Build.0 = Release|Any CPU
		{C0158A03-BD6D-45FB-B9F8-8C96D679A238}.Release|x86.ActiveCfg = Release|Any CPU
		{C0158A03-BD6D-45FB-B9F8-8C96D679A238}.Release|x86.Build.0 = Release|Any CPU
		{4062D309-ABB9-4AD0-A382-9BB9137C603F}.Debug|Any CPU.ActiveCfg = Debug|Any CPU
		{4062D309-ABB9-4AD0-A382-9BB9137C603F}.Debug|Any CPU.Build.0 = Debug|Any CPU
		{4062D309-ABB9-4AD0-A382-9BB9137C603F}.Debug|x64.ActiveCfg = Debug|Any CPU
		{4062D309-ABB9-4AD0-A382-9BB9137C603F}.Debug|x64.Build.0 = Debug|Any CPU
		{4062D309-ABB9-4AD0-A382-9BB9137C603F}.Debug|x86.ActiveCfg = Debug|Any CPU
		{4062D309-ABB9-4AD0-A382-9BB9137C603F}.Debug|x86.Build.0 = Debug|Any CPU
		{4062D309-ABB9-4AD0-A382-9BB9137C603F}.Release|Any CPU.ActiveCfg = Release|Any CPU
		{4062D309-ABB9-4AD0-A382-9BB9137C603F}.Release|Any CPU.Build.0 = Release|Any CPU
		{4062D309-ABB9-4AD0-A382-9BB9137C603F}.Release|x64.ActiveCfg = Release|Any CPU
		{4062D309-ABB9-4AD0-A382-9BB9137C603F}.Release|x64.Build.0 = Release|Any CPU
		{4062D309-ABB9-4AD0-A382-9BB9137C603F}.Release|x86.ActiveCfg = Release|Any CPU
		{4062D309-ABB9-4AD0-A382-9BB9137C603F}.Release|x86.Build.0 = Release|Any CPU
		{68088F20-1E23-4B9E-B4E9-0A9D252D415D}.Debug|Any CPU.ActiveCfg = Debug|Any CPU
		{68088F20-1E23-4B9E-B4E9-0A9D252D415D}.Debug|Any CPU.Build.0 = Debug|Any CPU
		{68088F20-1E23-4B9E-B4E9-0A9D252D415D}.Debug|x64.ActiveCfg = Debug|Any CPU
		{68088F20-1E23-4B9E-B4E9-0A9D252D415D}.Debug|x64.Build.0 = Debug|Any CPU
		{68088F20-1E23-4B9E-B4E9-0A9D252D415D}.Debug|x86.ActiveCfg = Debug|Any CPU
		{68088F20-1E23-4B9E-B4E9-0A9D252D415D}.Debug|x86.Build.0 = Debug|Any CPU
		{68088F20-1E23-4B9E-B4E9-0A9D252D415D}.Release|Any CPU.ActiveCfg = Release|Any CPU
		{68088F20-1E23-4B9E-B4E9-0A9D252D415D}.Release|Any CPU.Build.0 = Release|Any CPU
		{68088F20-1E23-4B9E-B4E9-0A9D252D415D}.Release|x64.ActiveCfg = Release|Any CPU
		{68088F20-1E23-4B9E-B4E9-0A9D252D415D}.Release|x64.Build.0 = Release|Any CPU
		{68088F20-1E23-4B9E-B4E9-0A9D252D415D}.Release|x86.ActiveCfg = Release|Any CPU
		{68088F20-1E23-4B9E-B4E9-0A9D252D415D}.Release|x86.Build.0 = Release|Any CPU
		{2991434B-B74B-4BD2-9506-FE9CFFFC92D8}.Debug|Any CPU.ActiveCfg = Debug|Any CPU
		{2991434B-B74B-4BD2-9506-FE9CFFFC92D8}.Debug|Any CPU.Build.0 = Debug|Any CPU
		{2991434B-B74B-4BD2-9506-FE9CFFFC92D8}.Debug|x64.ActiveCfg = Debug|Any CPU
		{2991434B-B74B-4BD2-9506-FE9CFFFC92D8}.Debug|x64.Build.0 = Debug|Any CPU
		{2991434B-B74B-4BD2-9506-FE9CFFFC92D8}.Debug|x86.ActiveCfg = Debug|Any CPU
		{2991434B-B74B-4BD2-9506-FE9CFFFC92D8}.Debug|x86.Build.0 = Debug|Any CPU
		{2991434B-B74B-4BD2-9506-FE9CFFFC92D8}.Release|Any CPU.ActiveCfg = Release|Any CPU
		{2991434B-B74B-4BD2-9506-FE9CFFFC92D8}.Release|Any CPU.Build.0 = Release|Any CPU
		{2991434B-B74B-4BD2-9506-FE9CFFFC92D8}.Release|x64.ActiveCfg = Release|Any CPU
		{2991434B-B74B-4BD2-9506-FE9CFFFC92D8}.Release|x64.Build.0 = Release|Any CPU
		{2991434B-B74B-4BD2-9506-FE9CFFFC92D8}.Release|x86.ActiveCfg = Release|Any CPU
		{2991434B-B74B-4BD2-9506-FE9CFFFC92D8}.Release|x86.Build.0 = Release|Any CPU
		{A4EBE3CC-4161-49F6-9D1A-316955971E6E}.Debug|Any CPU.ActiveCfg = Debug|Any CPU
		{A4EBE3CC-4161-49F6-9D1A-316955971E6E}.Debug|Any CPU.Build.0 = Debug|Any CPU
		{A4EBE3CC-4161-49F6-9D1A-316955971E6E}.Debug|x64.ActiveCfg = Debug|Any CPU
		{A4EBE3CC-4161-49F6-9D1A-316955971E6E}.Debug|x64.Build.0 = Debug|Any CPU
		{A4EBE3CC-4161-49F6-9D1A-316955971E6E}.Debug|x86.ActiveCfg = Debug|Any CPU
		{A4EBE3CC-4161-49F6-9D1A-316955971E6E}.Debug|x86.Build.0 = Debug|Any CPU
		{A4EBE3CC-4161-49F6-9D1A-316955971E6E}.Release|Any CPU.ActiveCfg = Release|Any CPU
		{A4EBE3CC-4161-49F6-9D1A-316955971E6E}.Release|Any CPU.Build.0 = Release|Any CPU
		{A4EBE3CC-4161-49F6-9D1A-316955971E6E}.Release|x64.ActiveCfg = Release|Any CPU
		{A4EBE3CC-4161-49F6-9D1A-316955971E6E}.Release|x64.Build.0 = Release|Any CPU
		{A4EBE3CC-4161-49F6-9D1A-316955971E6E}.Release|x86.ActiveCfg = Release|Any CPU
		{A4EBE3CC-4161-49F6-9D1A-316955971E6E}.Release|x86.Build.0 = Release|Any CPU
	EndGlobalSection
	GlobalSection(SolutionProperties) = preSolution
		HideSolutionNode = FALSE
	EndGlobalSection
	GlobalSection(NestedProjects) = preSolution
		{CEAC0979-DAB2-0E19-81EF-22AE32770578} = {CA253913-39DE-BFD0-C9A3-4B7EC6FBDF17}
		{2E3CFFD2-46CE-447B-BAA2-135CEE819581} = {CEAC0979-DAB2-0E19-81EF-22AE32770578}
		{BBAC9334-4ED6-6203-FF13-13F84E70C2CB} = {CA253913-39DE-BFD0-C9A3-4B7EC6FBDF17}
		{49C23FD1-3CAA-4E6C-9B2C-AB1AE78943DF} = {BBAC9334-4ED6-6203-FF13-13F84E70C2CB}
		{0FD22AAC-ECEF-4C47-EEB9-72E8245E02C2} = {CA253913-39DE-BFD0-C9A3-4B7EC6FBDF17}
		{6D44EBF3-FC85-4834-8E0B-56D260329122} = {0FD22AAC-ECEF-4C47-EEB9-72E8245E02C2}
		{A68BCFB6-B88D-4352-653D-5429B95F8475} = {CA253913-39DE-BFD0-C9A3-4B7EC6FBDF17}
		{668AE3E0-779E-4BEF-9909-9D98CB5F561F} = {A68BCFB6-B88D-4352-653D-5429B95F8475}
		{45CD067C-33C4-C372-B034-427CD4E5B7A1} = {CA253913-39DE-BFD0-C9A3-4B7EC6FBDF17}
		{5ABBCBB0-E86F-4EB1-B706-F0D72EC876CF} = {45CD067C-33C4-C372-B034-427CD4E5B7A1}
		{19537B6D-2291-08F1-89AD-B2FDDDAC10DD} = {DFEE68D8-A7D0-1A41-506C-9B74AA9A7B7B}
		{2F3C29BE-159F-4856-9796-047C942AC967} = {19537B6D-2291-08F1-89AD-B2FDDDAC10DD}
		{857E86B9-7A7E-7A58-E331-BDC9E30EF9B9} = {DFEE68D8-A7D0-1A41-506C-9B74AA9A7B7B}
		{9CA9848F-7049-45A7-A22F-3E41EF5168B4} = {857E86B9-7A7E-7A58-E331-BDC9E30EF9B9}
		{C737CF5B-8C24-003F-7D1A-10A438A8BB71} = {DFEE68D8-A7D0-1A41-506C-9B74AA9A7B7B}
		{C0158A03-BD6D-45FB-B9F8-8C96D679A238} = {C737CF5B-8C24-003F-7D1A-10A438A8BB71}
		{6C9918C0-BB9B-7B57-FEF1-1899C1733D11} = {CA253913-39DE-BFD0-C9A3-4B7EC6FBDF17}
		{4062D309-ABB9-4AD0-A382-9BB9137C603F} = {6C9918C0-BB9B-7B57-FEF1-1899C1733D11}
		{79D924B9-605B-AC8F-7C33-F72C700DED57} = {D82C56D6-B2CD-F611-9E31-04638F7EC30E}
		{68088F20-1E23-4B9E-B4E9-0A9D252D415D} = {79D924B9-605B-AC8F-7C33-F72C700DED57}
		{03A03C0F-776B-9EDB-FF6C-9299FC3B3240} = {D82C56D6-B2CD-F611-9E31-04638F7EC30E}
		{2991434B-B74B-4BD2-9506-FE9CFFFC92D8} = {03A03C0F-776B-9EDB-FF6C-9299FC3B3240}
		{21DCE555-1C5E-D078-C920-A971CCC82168} = {D82C56D6-B2CD-F611-9E31-04638F7EC30E}
		{A4EBE3CC-4161-49F6-9D1A-316955971E6E} = {21DCE555-1C5E-D078-C920-A971CCC82168}
	EndGlobalSection
EndGlobal
